{
  "name": "vibecodestorage-project-desk",
  "version": "1.0.0",
  "lockfileVersion": 3,
  "requires": true,
  "packages": {
    "": {
      "name": "vibecodestorage-project-desk",
      "version": "1.0.0",
      "dependencies": {
        "vibecodestorage": "0.1.2"
      },
      "engines": {
        "node": ">=24"
      }
    },
    "node_modules/vibecodestorage": {
      "version": "0.1.2",
      "resolved": "https://registry.npmjs.org/vibecodestorage/-/vibecodestorage-0.1.2.tgz",
      "integrity": "sha512-du46EojcgUXvv0fCqXPQjMZbHnFnAAQSbLr4LXb5XqxT2stYhkKiRvKGPzkSsuE6iGHmiRvIw9OTA6dWG1KXlQ==",
      "license": "UNLICENSED",
      "bin": {
        "vibecodestorage": "src/cli.js"
      },
      "engines": {
        "node": ">=24"
      }
    }
  }
}
