{
  "name": "vibecodestorage-project-desk",
  "version": "1.0.0",
  "lockfileVersion": 3,
  "requires": true,
  "packages": {
    "": {
      "name": "vibecodestorage-project-desk",
      "version": "1.0.0",
      "dependencies": {
        "vibecodestorage": "0.1.4"
      },
      "engines": {
        "node": ">=24"
      }
    },
    "node_modules/vibecodestorage": {
      "version": "0.1.4",
      "resolved": "https://registry.npmjs.org/vibecodestorage/-/vibecodestorage-0.1.4.tgz",
      "integrity": "sha512-KQKqEkrTXP7k+bT9TTpqkEsadC3Z8fYeCDTz5CfCB4DxmZD+SICv2OQUr3SeosJ4W0K7cKhc0y6QJcIXylFzOA==",
      "license": "MIT",
      "bin": {
        "vibecodestorage": "src/cli.js"
      },
      "engines": {
        "node": ">=24"
      }
    }
  }
}
